// !$*UTF8*$!
{
	archiveVersion = 1;
	classes = {};
	objectVersion = 56;
	objects = {
		A001 = {isa = PBXBuildFile; fileRef = F001; };
		A002 = {isa = PBXBuildFile; fileRef = F002; };
		A003 = {isa = PBXBuildFile; fileRef = F003; };
		A004 = {isa = PBXBuildFile; fileRef = F004; };
		A005 = {isa = PBXBuildFile; fileRef = F005; };
		A006 = {isa = PBXBuildFile; fileRef = F006; };
		A101 = {isa = PBXBuildFile; fileRef = F101; };
		F001 = {isa = PBXFileReference; lastKnownFileType = sourcecode.swift; path = HanStoryPlayerApp.swift; sourceTree = "<group>"; };
		F002 = {isa = PBXFileReference; lastKnownFileType = sourcecode.swift; path = Models.swift; sourceTree = "<group>"; };
		F003 = {isa = PBXFileReference; lastKnownFileType = sourcecode.swift; path = ImportService.swift; sourceTree = "<group>"; };
		F004 = {isa = PBXFileReference; lastKnownFileType = sourcecode.swift; path = LibraryStore.swift; sourceTree = "<group>"; };
		F005 = {isa = PBXFileReference; lastKnownFileType = sourcecode.swift; path = AudioPlayer.swift; sourceTree = "<group>"; };
		F006 = {isa = PBXFileReference; lastKnownFileType = sourcecode.swift; path = Views.swift; sourceTree = "<group>"; };
		F007 = {isa = PBXFileReference; lastKnownFileType = text.plist.xml; path = Info.plist; sourceTree = "<group>"; };
		F008 = {isa = PBXFileReference; lastKnownFileType = text.plist.entitlements; path = HanStoryPlayer.entitlements; sourceTree = "<group>"; };
		F101 = {isa = PBXFileReference; lastKnownFileType = sourcecode.swift; path = HanStoryPlayerTests.swift; sourceTree = "<group>"; };
		P001 = {isa = PBXFileReference; explicitFileType = wrapper.application; path = HanStoryPlayer.app; sourceTree = BUILT_PRODUCTS_DIR; };
		P002 = {isa = PBXFileReference; explicitFileType = wrapper.cfbundle; path = HanStoryPlayerTests.xctest; sourceTree = BUILT_PRODUCTS_DIR; };
		G000 = {isa = PBXGroup; children = (G001, G002, G003); sourceTree = "<group>"; };
		G001 = {isa = PBXGroup; path = HanStoryPlayer; sourceTree = "<group>"; children = (F001,F002,F003,F004,F005,F006,F007,F008); };
		G002 = {isa = PBXGroup; path = HanStoryPlayerTests; sourceTree = "<group>"; children = (F101); };
		G003 = {isa = PBXGroup; name = Products; sourceTree = "<group>"; children = (P001,P002); };
		S001 = {isa = PBXSourcesBuildPhase; buildActionMask = 2147483647; files = (A001,A002,A003,A004,A005,A006); runOnlyForDeploymentPostprocessing = 0; };
		S002 = {isa = PBXFrameworksBuildPhase; buildActionMask = 2147483647; files = (); runOnlyForDeploymentPostprocessing = 0; };
		S003 = {isa = PBXResourcesBuildPhase; buildActionMask = 2147483647; files = (); runOnlyForDeploymentPostprocessing = 0; };
		S101 = {isa = PBXSourcesBuildPhase; buildActionMask = 2147483647; files = (A101); runOnlyForDeploymentPostprocessing = 0; };
		S102 = {isa = PBXFrameworksBuildPhase; buildActionMask = 2147483647; files = (); runOnlyForDeploymentPostprocessing = 0; };
		S103 = {isa = PBXResourcesBuildPhase; buildActionMask = 2147483647; files = (); runOnlyForDeploymentPostprocessing = 0; };
		D001 = {isa = PBXContainerItemProxy; containerPortal = PROJ; proxyType = 1; remoteGlobalIDString = T001; remoteInfo = HanStoryPlayer; };
		D002 = {isa = PBXTargetDependency; target = T001; targetProxy = D001; };
		T001 = {isa = PBXNativeTarget; buildConfigurationList = C002; buildPhases = (S001,S002,S003); buildRules=(); dependencies=(); name=HanStoryPlayer; productName=HanStoryPlayer; productReference=P001; productType="com.apple.product-type.application"; };
		T002 = {isa = PBXNativeTarget; buildConfigurationList = C003; buildPhases = (S101,S102,S103); buildRules=(); dependencies=(D002); name=HanStoryPlayerTests; productName=HanStoryPlayerTests; productReference=P002; productType="com.apple.product-type.bundle.unit-test"; };
		PROJ = {isa = PBXProject; attributes = {BuildIndependentTargetsInParallel=1; LastSwiftUpdateCheck=1600; LastUpgradeCheck=1600; TargetAttributes={T001={CreatedOnToolsVersion=16.0;};T002={CreatedOnToolsVersion=16.0;TestTargetID=T001;};};}; buildConfigurationList=C001; compatibilityVersion="Xcode 14.0"; developmentRegion=en; hasScannedForEncodings=0; knownRegions=(en,Base); mainGroup=G000; productRefGroup=G003; projectDirPath=""; projectRoot=""; targets=(T001,T002); };
		C001 = {isa=XCConfigurationList; buildConfigurations=(BC01,BC02); defaultConfigurationIsVisible=0; defaultConfigurationName=Release;};
		C002 = {isa=XCConfigurationList; buildConfigurations=(BC11,BC12); defaultConfigurationIsVisible=0; defaultConfigurationName=Release;};
		C003 = {isa=XCConfigurationList; buildConfigurations=(BC21,BC22); defaultConfigurationIsVisible=0; defaultConfigurationName=Release;};
		BC01 = {isa=XCBuildConfiguration; name=Debug; buildSettings={CLANG_ENABLE_MODULES=YES; IPHONEOS_DEPLOYMENT_TARGET=17.0; SDKROOT=iphoneos; SWIFT_VERSION=5.0;};};
		BC02 = {isa=XCBuildConfiguration; name=Release; buildSettings={CLANG_ENABLE_MODULES=YES; IPHONEOS_DEPLOYMENT_TARGET=17.0; SDKROOT=iphoneos; SWIFT_COMPILATION_MODE=wholemodule; SWIFT_VERSION=5.0;};};
		BC11 = {isa=XCBuildConfiguration; name=Debug; buildSettings={CODE_SIGN_ENTITLEMENTS=HanStoryPlayer/HanStoryPlayer.entitlements; CODE_SIGN_STYLE=Automatic; CURRENT_PROJECT_VERSION=1; DEVELOPMENT_TEAM=""; GENERATE_INFOPLIST_FILE=NO; INFOPLIST_FILE=HanStoryPlayer/Info.plist; IPHONEOS_DEPLOYMENT_TARGET=17.0; MARKETING_VERSION=1.0; PRODUCT_BUNDLE_IDENTIFIER=com.saulcervantes.HanStoryPlayer; PRODUCT_NAME="$(TARGET_NAME)"; SWIFT_EMIT_LOC_STRINGS=YES; SWIFT_VERSION=5.0; TARGETED_DEVICE_FAMILY=1;};};
		BC12 = {isa=XCBuildConfiguration; name=Release; buildSettings={CODE_SIGN_ENTITLEMENTS=HanStoryPlayer/HanStoryPlayer.entitlements; CODE_SIGN_STYLE=Automatic; CURRENT_PROJECT_VERSION=1; DEVELOPMENT_TEAM=""; GENERATE_INFOPLIST_FILE=NO; INFOPLIST_FILE=HanStoryPlayer/Info.plist; IPHONEOS_DEPLOYMENT_TARGET=17.0; MARKETING_VERSION=1.0; PRODUCT_BUNDLE_IDENTIFIER=com.saulcervantes.HanStoryPlayer; PRODUCT_NAME="$(TARGET_NAME)"; SWIFT_EMIT_LOC_STRINGS=YES; SWIFT_VERSION=5.0; TARGETED_DEVICE_FAMILY=1;};};
		BC21 = {isa=XCBuildConfiguration; name=Debug; buildSettings={BUNDLE_LOADER="$(TEST_HOST)"; CODE_SIGN_STYLE=Automatic; GENERATE_INFOPLIST_FILE=YES; IPHONEOS_DEPLOYMENT_TARGET=17.0; PRODUCT_BUNDLE_IDENTIFIER=com.saulcervantes.HanStoryPlayerTests; PRODUCT_NAME="$(TARGET_NAME)"; SWIFT_VERSION=5.0; TARGETED_DEVICE_FAMILY=1; TEST_HOST="$(BUILT_PRODUCTS_DIR)/HanStoryPlayer.app/HanStoryPlayer";};};
		BC22 = {isa=XCBuildConfiguration; name=Release; buildSettings={BUNDLE_LOADER="$(TEST_HOST)"; CODE_SIGN_STYLE=Automatic; GENERATE_INFOPLIST_FILE=YES; IPHONEOS_DEPLOYMENT_TARGET=17.0; PRODUCT_BUNDLE_IDENTIFIER=com.saulcervantes.HanStoryPlayerTests; PRODUCT_NAME="$(TARGET_NAME)"; SWIFT_VERSION=5.0; TARGETED_DEVICE_FAMILY=1; TEST_HOST="$(BUILT_PRODUCTS_DIR)/HanStoryPlayer.app/HanStoryPlayer";};};
	};
	rootObject = PROJ;
}
